
Microsoft Visual Studio Solution File, Format Version 12.00
# Visual Studio Version 18
VisualStudioVersion = 18.3.11512.155 d18.3
MinimumVisualStudioVersion = 10.0.40219.1
Project("{2150E333-8FDC-42A3-9474-1A3956D46DE8}") = "Services", "Services", "{02EA681E-C7D8-13C7-8484-4AC65E1B71E8}"
EndProject
Project("{FAE04EC0-301F-11D3-BF4B-00C04F79EFBC}") = "Catalog", "Catalog\Catalog.csproj", "{2DE50A34-F039-4F1B-B4C7-4D6259B05527}"
EndProject
Project("{2150E333-8FDC-42A3-9474-1A3956D46DE8}") = "Catalog", "Catalog", "{8440D5F3-2473-4022-AD65-0CBA7238C20E}"
EndProject
Project("{2150E333-8FDC-42A3-9474-1A3956D46DE8}") = "Basket", "Basket", "{4D82729E-A701-41EB-BE24-B157B7689427}"
EndProject
Project("{FAE04EC0-301F-11D3-BF4B-00C04F79EFBC}") = "Basket", "Basket\Basket.csproj", "{7AE5359C-9A60-43E3-9645-B3313D514DF3}"
EndProject
Project("{2150E333-8FDC-42A3-9474-1A3956D46DE8}") = "Discount", "Discount", "{99280E4A-44E5-496A-93FA-2C7F931A183C}"
EndProject
Project("{FAE04EC0-301F-11D3-BF4B-00C04F79EFBC}") = "Discount", "Discount\Discount.csproj", "{9AB7F01E-E1B8-40A3-960B-43B8E231E536}"
EndProject
Project("{FAE04EC0-301F-11D3-BF4B-00C04F79EFBC}") = "Order", "Order\Order.csproj", "{23BF7949-98C0-4BCF-8F68-04F98E507FAB}"
EndProject
Project("{2150E333-8FDC-42A3-9474-1A3956D46DE8}") = "Order", "Order", "{7E0D5CA0-91DA-48D4-B110-CDDF83C4C69F}"
EndProject
Global
	GlobalSection(SolutionConfigurationPlatforms) = preSolution
		Debug|Any CPU = Debug|Any CPU
		Release|Any CPU = Release|Any CPU
	EndGlobalSection
	GlobalSection(ProjectConfigurationPlatforms) = postSolution
		{2DE50A34-F039-4F1B-B4C7-4D6259B05527}.Debug|Any CPU.ActiveCfg = Debug|Any CPU
		{2DE50A34-F039-4F1B-B4C7-4D6259B05527}.Debug|Any CPU.Build.0 = Debug|Any CPU
		{2DE50A34-F039-4F1B-B4C7-4D6259B05527}.Release|Any CPU.ActiveCfg = Release|Any CPU
		{2DE50A34-F039-4F1B-B4C7-4D6259B05527}.Release|Any CPU.Build.0 = Release|Any CPU
		{7AE5359C-9A60-43E3-9645-B3313D514DF3}.Debug|Any CPU.ActiveCfg = Debug|Any CPU
		{7AE5359C-9A60-43E3-9645-B3313D514DF3}.Debug|Any CPU.Build.0 = Debug|Any CPU
		{7AE5359C-9A60-43E3-9645-B3313D514DF3}.Release|Any CPU.ActiveCfg = Release|Any CPU
		{7AE5359C-9A60-43E3-9645-B3313D514DF3}.Release|Any CPU.Build.0 = Release|Any CPU
		{9AB7F01E-E1B8-40A3-960B-43B8E231E536}.Debug|Any CPU.ActiveCfg = Debug|Any CPU
		{9AB7F01E-E1B8-40A3-960B-43B8E231E536}.Debug|Any CPU.Build.0 = Debug|Any CPU
		{9AB7F01E-E1B8-40A3-960B-43B8E231E536}.Release|Any CPU.ActiveCfg = Release|Any CPU
		{9AB7F01E-E1B8-40A3-960B-43B8E231E536}.Release|Any CPU.Build.0 = Release|Any CPU
		{23BF7949-98C0-4BCF-8F68-04F98E507FAB}.Debug|Any CPU.ActiveCfg = Debug|Any CPU
		{23BF7949-98C0-4BCF-8F68-04F98E507FAB}.Debug|Any CPU.Build.0 = Debug|Any CPU
		{23BF7949-98C0-4BCF-8F68-04F98E507FAB}.Release|Any CPU.ActiveCfg = Release|Any CPU
		{23BF7949-98C0-4BCF-8F68-04F98E507FAB}.Release|Any CPU.Build.0 = Release|Any CPU
	EndGlobalSection
	GlobalSection(SolutionProperties) = preSolution
		HideSolutionNode = FALSE
	EndGlobalSection
	GlobalSection(NestedProjects) = preSolution
		{2DE50A34-F039-4F1B-B4C7-4D6259B05527} = {8440D5F3-2473-4022-AD65-0CBA7238C20E}
		{8440D5F3-2473-4022-AD65-0CBA7238C20E} = {02EA681E-C7D8-13C7-8484-4AC65E1B71E8}
		{4D82729E-A701-41EB-BE24-B157B7689427} = {02EA681E-C7D8-13C7-8484-4AC65E1B71E8}
		{7AE5359C-9A60-43E3-9645-B3313D514DF3} = {4D82729E-A701-41EB-BE24-B157B7689427}
		{99280E4A-44E5-496A-93FA-2C7F931A183C} = {02EA681E-C7D8-13C7-8484-4AC65E1B71E8}
		{9AB7F01E-E1B8-40A3-960B-43B8E231E536} = {99280E4A-44E5-496A-93FA-2C7F931A183C}
		{23BF7949-98C0-4BCF-8F68-04F98E507FAB} = {7E0D5CA0-91DA-48D4-B110-CDDF83C4C69F}
		{7E0D5CA0-91DA-48D4-B110-CDDF83C4C69F} = {02EA681E-C7D8-13C7-8484-4AC65E1B71E8}
	EndGlobalSection
	GlobalSection(ExtensibilityGlobals) = postSolution
		SolutionGuid = {27182CFB-CE32-498C-A562-DC3D7F67E102}
	EndGlobalSection
EndGlobal
